
Microsoft Visual Studio Solution File, Format Version 12.00
# Visual Studio Version 16
VisualStudioVersion = 16.0.31205.134
MinimumVisualStudioVersion = 10.0.40219.1
Project("{FAE04EC0-301F-11D3-BF4B-00C04F79EFBC}") = "KSIS_5", "KSIS_5.csproj", "{174202C8-B581-412D-BD1A-E2811D9F0C7A}"
EndProject
Global
	GlobalSection(SolutionConfigurationPlatforms) = preSolution
		Debug|Any CPU = Debug|Any CPU
		Release|Any CPU = Release|Any CPU
	EndGlobalSection
	GlobalSection(ProjectConfigurationPlatforms) = postSolution
		{174202C8-B581-412D-BD1A-E2811D9F0C7A}.Debug|Any CPU.ActiveCfg = Debug|Any CPU
		{174202C8-B581-412D-BD1A-E2811D9F0C7A}.Debug|Any CPU.Build.0 = Debug|Any CPU
		{174202C8-B581-412D-BD1A-E2811D9F0C7A}.Release|Any CPU.ActiveCfg = Release|Any CPU
		{174202C8-B581-412D-BD1A-E2811D9F0C7A}.Release|Any CPU.Build.0 = Release|Any CPU
	EndGlobalSection
	GlobalSection(SolutionProperties) = preSolution
		HideSolutionNode = FALSE
	EndGlobalSection
	GlobalSection(ExtensibilityGlobals) = postSolution
		SolutionGuid = {0748E287-8B3B-4892-A88B-A7D97EE43D1D}
	EndGlobalSection
EndGlobal
